// !$*UTF8*$!
{
	archiveVersion = 1;
	classes = {
	};
	objectVersion = 51;
	objects = {

/* Begin PBXBuildFile section */
		00D720E67CB594A8A72FB6C5 /* Pods_TMDbSwift_Tests_TMDbSwiftTests.framework in Frameworks */ = {isa = PBXBuildFile; fileRef = 41D6D4D83E950A6E5C5C0DD6 /* Pods_TMDbSwift_Tests_TMDbSwiftTests.framework */; };
		0BFD102C5ADD3A3B47643459 /* Pods_TMDbSwift.framework in Frameworks */ = {isa = PBXBuildFile; fileRef = 5B820559BE3A14826AD6152F /* Pods_TMDbSwift.framework */; };
		21F57C6FFD28C2E18A1E0937 /* Pods_TMDbSwift_Tests_TMDbSwiftUITests.framework in Frameworks */ = {isa = PBXBuildFile; fileRef = E32C2A68A20539E6E971537A /* Pods_TMDbSwift_Tests_TMDbSwiftUITests.framework */; };
		792982A92303C12E00B10B4A /* GenresResponse.swift in Sources */ = {isa = PBXBuildFile; fileRef = 79D1712A2303B9B8001AEACD /* GenresResponse.swift */; };
		792982AA2303C13100B10B4A /* GenreResponse.swift in Sources */ = {isa = PBXBuildFile; fileRef = 79D1712B2303B9B9001AEACD /* GenreResponse.swift */; };
		792BEAA823045056001C7B6B /* GenreInteractor.swift in Sources */ = {isa = PBXBuildFile; fileRef = 792BEAA723045056001C7B6B /* GenreInteractor.swift */; };
		799D190723034E080012C5BC /* AppDelegate.swift in Sources */ = {isa = PBXBuildFile; fileRef = 799D190623034E080012C5BC /* AppDelegate.swift */; };
		799D190923034E080012C5BC /* ViewController.swift in Sources */ = {isa = PBXBuildFile; fileRef = 799D190823034E080012C5BC /* ViewController.swift */; };
		799D190E23034E0C0012C5BC /* Assets.xcassets in Resources */ = {isa = PBXBuildFile; fileRef = 799D190D23034E0C0012C5BC /* Assets.xcassets */; };
		799D191123034E0C0012C5BC /* LaunchScreen.storyboard in Resources */ = {isa = PBXBuildFile; fileRef = 799D190F23034E0C0012C5BC /* LaunchScreen.storyboard */; };
		799D191C23034E0C0012C5BC /* TMDbSwiftTests.swift in Sources */ = {isa = PBXBuildFile; fileRef = 799D191B23034E0C0012C5BC /* TMDbSwiftTests.swift */; };
		799D192723034E0C0012C5BC /* TMDbSwiftUITests.swift in Sources */ = {isa = PBXBuildFile; fileRef = 799D192623034E0C0012C5BC /* TMDbSwiftUITests.swift */; };
		79D170F723034F87001AEACD /* AppCoordinator.swift in Sources */ = {isa = PBXBuildFile; fileRef = 79D170F623034F87001AEACD /* AppCoordinator.swift */; };
		79D170F923034F96001AEACD /* Coordinator.swift in Sources */ = {isa = PBXBuildFile; fileRef = 79D170F823034F96001AEACD /* Coordinator.swift */; };
		79D170FB23034FA9001AEACD /* UpcomingMoviesCoordinator.swift in Sources */ = {isa = PBXBuildFile; fileRef = 79D170FA23034FA9001AEACD /* UpcomingMoviesCoordinator.swift */; };
		79D170FD23034FDD001AEACD /* CoordinatorFactory.swift in Sources */ = {isa = PBXBuildFile; fileRef = 79D170FC23034FDD001AEACD /* CoordinatorFactory.swift */; };
		79D171002303502E001AEACD /* UpcomingMoviesViewController.swift in Sources */ = {isa = PBXBuildFile; fileRef = 79D170FF2303502E001AEACD /* UpcomingMoviesViewController.swift */; };
		79D1710223035063001AEACD /* UpcomingMoviesView.xib in Resources */ = {isa = PBXBuildFile; fileRef = 79D1710123035063001AEACD /* UpcomingMoviesView.xib */; };
		79D17106230355F0001AEACD /* MovieRepository.swift in Sources */ = {isa = PBXBuildFile; fileRef = 79D17105230355F0001AEACD /* MovieRepository.swift */; };
		79D1710823035632001AEACD /* MovieModel.swift in Sources */ = {isa = PBXBuildFile; fileRef = 79D1710723035632001AEACD /* MovieModel.swift */; };
		79D1710B230356FB001AEACD /* MoviesInteractor.swift in Sources */ = {isa = PBXBuildFile; fileRef = 79D1710A230356FB001AEACD /* MoviesInteractor.swift */; };
		79D1710E23035744001AEACD /* MovieService.swift in Sources */ = {isa = PBXBuildFile; fileRef = 79D1710D23035744001AEACD /* MovieService.swift */; };
		79D171112303574E001AEACD /* MovieMockService.swift in Sources */ = {isa = PBXBuildFile; fileRef = 79D171102303574E001AEACD /* MovieMockService.swift */; };
		79D1711323036062001AEACD /* UpcomingMoviesPresenter.swift in Sources */ = {isa = PBXBuildFile; fileRef = 79D1711223036062001AEACD /* UpcomingMoviesPresenter.swift */; };
		79D171152303636A001AEACD /* UpcomingMovieCell.swift in Sources */ = {isa = PBXBuildFile; fileRef = 79D171142303636A001AEACD /* UpcomingMovieCell.swift */; };
		79D17117230364A3001AEACD /* UpcomingMovieCell.xib in Resources */ = {isa = PBXBuildFile; fileRef = 79D17116230364A3001AEACD /* UpcomingMovieCell.xib */; };
		79D1711A23039E0E001AEACD /* ImageViewExtensions.swift in Sources */ = {isa = PBXBuildFile; fileRef = 79D1711923039E0E001AEACD /* ImageViewExtensions.swift */; };
		79D1711C2303A765001AEACD /* MovieApi.swift in Sources */ = {isa = PBXBuildFile; fileRef = 79D1711B2303A765001AEACD /* MovieApi.swift */; };
		79D1711F2303AA10001AEACD /* UpcomingMoviesResponse.swift in Sources */ = {isa = PBXBuildFile; fileRef = 79D1711E2303AA10001AEACD /* UpcomingMoviesResponse.swift */; };
		79D171212303AA73001AEACD /* MovieResponse.swift in Sources */ = {isa = PBXBuildFile; fileRef = 79D171202303AA73001AEACD /* MovieResponse.swift */; };
		79D171232303AD2D001AEACD /* Movie.swift in Sources */ = {isa = PBXBuildFile; fileRef = 79D171222303AD2D001AEACD /* Movie.swift */; };
		79D171252303AD5B001AEACD /* Genre.swift in Sources */ = {isa = PBXBuildFile; fileRef = 79D171242303AD5A001AEACD /* Genre.swift */; };
		79D171272303B983001AEACD /* GenreService.swift in Sources */ = {isa = PBXBuildFile; fileRef = 79D171262303B982001AEACD /* GenreService.swift */; };
		79D1712E2303BA38001AEACD /* GenreRepository.swift in Sources */ = {isa = PBXBuildFile; fileRef = 79D1712D2303BA38001AEACD /* GenreRepository.swift */; };
/* End PBXBuildFile section */

/* Begin PBXContainerItemProxy section */
		799D191823034E0C0012C5BC /* PBXContainerItemProxy */ = {
			isa = PBXContainerItemProxy;
			containerPortal = 799D18FB23034E080012C5BC /* Project object */;
			proxyType = 1;
			remoteGlobalIDString = 799D190223034E080012C5BC;
			remoteInfo = TMDbSwift;
		};
		799D192323034E0C0012C5BC /* PBXContainerItemProxy */ = {
			isa = PBXContainerItemProxy;
			containerPortal = 799D18FB23034E080012C5BC /* Project object */;
			proxyType = 1;
			remoteGlobalIDString = 799D190223034E080012C5BC;
			remoteInfo = TMDbSwift;
		};
/* End PBXContainerItemProxy section */

/* Begin PBXFileReference section */
		072B80CCE9237FFAA76D10D7 /* Pods-TMDbSwift.debug.xcconfig */ = {isa = PBXFileReference; includeInIndex = 1; lastKnownFileType = text.xcconfig; name = "Pods-TMDbSwift.debug.xcconfig"; path = "Target Support Files/Pods-TMDbSwift/Pods-TMDbSwift.debug.xcconfig"; sourceTree = "<group>"; };
		11A7993A17C6BA60CE8D4F99 /* Pods-TMDbSwift-Tests-TMDbSwiftUITests.release.xcconfig */ = {isa = PBXFileReference; includeInIndex = 1; lastKnownFileType = text.xcconfig; name = "Pods-TMDbSwift-Tests-TMDbSwiftUITests.release.xcconfig"; path = "Target Support Files/Pods-TMDbSwift-Tests-TMDbSwiftUITests/Pods-TMDbSwift-Tests-TMDbSwiftUITests.release.xcconfig"; sourceTree = "<group>"; };
		41D6D4D83E950A6E5C5C0DD6 /* Pods_TMDbSwift_Tests_TMDbSwiftTests.framework */ = {isa = PBXFileReference; explicitFileType = wrapper.framework; includeInIndex = 0; path = Pods_TMDbSwift_Tests_TMDbSwiftTests.framework; sourceTree = BUILT_PRODUCTS_DIR; };
		4910DE6AC541ED079510F503 /* Pods-TMDbSwiftTests.release.xcconfig */ = {isa = PBXFileReference; includeInIndex = 1; lastKnownFileType = text.xcconfig; name = "Pods-TMDbSwiftTests.release.xcconfig"; path = "Target Support Files/Pods-TMDbSwiftTests/Pods-TMDbSwiftTests.release.xcconfig"; sourceTree = "<group>"; };
		5B820559BE3A14826AD6152F /* Pods_TMDbSwift.framework */ = {isa = PBXFileReference; explicitFileType = wrapper.framework; includeInIndex = 0; path = Pods_TMDbSwift.framework; sourceTree = BUILT_PRODUCTS_DIR; };
		792BEAA723045056001C7B6B /* GenreInteractor.swift */ = {isa = PBXFileReference; lastKnownFileType = sourcecode.swift; path = GenreInteractor.swift; sourceTree = "<group>"; };
		799D190323034E080012C5BC /* TMDbSwift.app */ = {isa = PBXFileReference; explicitFileType = wrapper.application; includeInIndex = 0; path = TMDbSwift.app; sourceTree = BUILT_PRODUCTS_DIR; };
		799D190623034E080012C5BC /* AppDelegate.swift */ = {isa = PBXFileReference; lastKnownFileType = sourcecode.swift; path = AppDelegate.swift; sourceTree = "<group>"; };
		799D190823034E080012C5BC /* ViewController.swift */ = {isa = PBXFileReference; lastKnownFileType = sourcecode.swift; path = ViewController.swift; sourceTree = "<group>"; };
		799D190D23034E0C0012C5BC /* Assets.xcassets */ = {isa = PBXFileReference; lastKnownFileType = folder.assetcatalog; path = Assets.xcassets; sourceTree = "<group>"; };
		799D191023034E0C0012C5BC /* Base */ = {isa = PBXFileReference; lastKnownFileType = file.storyboard; name = Base; path = Base.lproj/LaunchScreen.storyboard; sourceTree = "<group>"; };
		799D191223034E0C0012C5BC /* Info.plist */ = {isa = PBXFileReference; lastKnownFileType = text.plist.xml; path = Info.plist; sourceTree = "<group>"; };
		799D191723034E0C0012C5BC /* TMDbSwiftTests.xctest */ = {isa = PBXFileReference; explicitFileType = wrapper.cfbundle; includeInIndex = 0; path = TMDbSwiftTests.xctest; sourceTree = BUILT_PRODUCTS_DIR; };
		799D191B23034E0C0012C5BC /* TMDbSwiftTests.swift */ = {isa = PBXFileReference; lastKnownFileType = sourcecode.swift; path = TMDbSwiftTests.swift; sourceTree = "<group>"; };
		799D191D23034E0C0012C5BC /* Info.plist */ = {isa = PBXFileReference; lastKnownFileType = text.plist.xml; path = Info.plist; sourceTree = "<group>"; };
		799D192223034E0C0012C5BC /* TMDbSwiftUITests.xctest */ = {isa = PBXFileReference; explicitFileType = wrapper.cfbundle; includeInIndex = 0; path = TMDbSwiftUITests.xctest; sourceTree = BUILT_PRODUCTS_DIR; };
		799D192623034E0C0012C5BC /* TMDbSwiftUITests.swift */ = {isa = PBXFileReference; lastKnownFileType = sourcecode.swift; path = TMDbSwiftUITests.swift; sourceTree = "<group>"; };
		799D192823034E0C0012C5BC /* Info.plist */ = {isa = PBXFileReference; lastKnownFileType = text.plist.xml; path = Info.plist; sourceTree = "<group>"; };
		79D170F623034F87001AEACD /* AppCoordinator.swift */ = {isa = PBXFileReference; lastKnownFileType = sourcecode.swift; path = AppCoordinator.swift; sourceTree = "<group>"; };
		79D170F823034F96001AEACD /* Coordinator.swift */ = {isa = PBXFileReference; lastKnownFileType = sourcecode.swift; path = Coordinator.swift; sourceTree = "<group>"; };
		79D170FA23034FA9001AEACD /* UpcomingMoviesCoordinator.swift */ = {isa = PBXFileReference; lastKnownFileType = sourcecode.swift; path = UpcomingMoviesCoordinator.swift; sourceTree = "<group>"; };
		79D170FC23034FDD001AEACD /* CoordinatorFactory.swift */ = {isa = PBXFileReference; lastKnownFileType = sourcecode.swift; path = CoordinatorFactory.swift; sourceTree = "<group>"; };
		79D170FF2303502E001AEACD /* UpcomingMoviesViewController.swift */ = {isa = PBXFileReference; lastKnownFileType = sourcecode.swift; path = UpcomingMoviesViewController.swift; sourceTree = "<group>"; };
		79D1710123035063001AEACD /* UpcomingMoviesView.xib */ = {isa = PBXFileReference; lastKnownFileType = file.xib; path = UpcomingMoviesView.xib; sourceTree = "<group>"; };
		79D17105230355F0001AEACD /* MovieRepository.swift */ = {isa = PBXFileReference; lastKnownFileType = sourcecode.swift; path = MovieRepository.swift; sourceTree = "<group>"; };
		79D1710723035632001AEACD /* MovieModel.swift */ = {isa = PBXFileReference; lastKnownFileType = sourcecode.swift; path = MovieModel.swift; sourceTree = "<group>"; };
		79D1710A230356FB001AEACD /* MoviesInteractor.swift */ = {isa = PBXFileReference; lastKnownFileType = sourcecode.swift; path = MoviesInteractor.swift; sourceTree = "<group>"; };
		79D1710D23035744001AEACD /* MovieService.swift */ = {isa = PBXFileReference; lastKnownFileType = sourcecode.swift; path = MovieService.swift; sourceTree = "<group>"; };
		79D171102303574E001AEACD /* MovieMockService.swift */ = {isa = PBXFileReference; lastKnownFileType = sourcecode.swift; path = MovieMockService.swift; sourceTree = "<group>"; };
		79D1711223036062001AEACD /* UpcomingMoviesPresenter.swift */ = {isa = PBXFileReference; lastKnownFileType = sourcecode.swift; path = UpcomingMoviesPresenter.swift; sourceTree = "<group>"; };
		79D171142303636A001AEACD /* UpcomingMovieCell.swift */ = {isa = PBXFileReference; lastKnownFileType = sourcecode.swift; path = UpcomingMovieCell.swift; sourceTree = "<group>"; };
		79D17116230364A3001AEACD /* UpcomingMovieCell.xib */ = {isa = PBXFileReference; lastKnownFileType = file.xib; path = UpcomingMovieCell.xib; sourceTree = "<group>"; };
		79D1711923039E0E001AEACD /* ImageViewExtensions.swift */ = {isa = PBXFileReference; lastKnownFileType = sourcecode.swift; path = ImageViewExtensions.swift; sourceTree = "<group>"; };
		79D1711B2303A765001AEACD /* MovieApi.swift */ = {isa = PBXFileReference; lastKnownFileType = sourcecode.swift; path = MovieApi.swift; sourceTree = "<group>"; };
		79D1711E2303AA10001AEACD /* UpcomingMoviesResponse.swift */ = {isa = PBXFileReference; lastKnownFileType = sourcecode.swift; path = UpcomingMoviesResponse.swift; sourceTree = "<group>"; };
		79D171202303AA73001AEACD /* MovieResponse.swift */ = {isa = PBXFileReference; lastKnownFileType = sourcecode.swift; path = MovieResponse.swift; sourceTree = "<group>"; };
		79D171222303AD2D001AEACD /* Movie.swift */ = {isa = PBXFileReference; lastKnownFileType = sourcecode.swift; path = Movie.swift; sourceTree = "<group>"; };
		79D171242303AD5A001AEACD /* Genre.swift */ = {isa = PBXFileReference; lastKnownFileType = sourcecode.swift; path = Genre.swift; sourceTree = "<group>"; };
		79D171262303B982001AEACD /* GenreService.swift */ = {isa = PBXFileReference; lastKnownFileType = sourcecode.swift; path = GenreService.swift; sourceTree = "<group>"; };
		79D1712A2303B9B8001AEACD /* GenresResponse.swift */ = {isa = PBXFileReference; lastKnownFileType = sourcecode.swift; path = GenresResponse.swift; sourceTree = "<group>"; };
		79D1712B2303B9B9001AEACD /* GenreResponse.swift */ = {isa = PBXFileReference; lastKnownFileType = sourcecode.swift; path = GenreResponse.swift; sourceTree = "<group>"; };
		79D1712D2303BA38001AEACD /* GenreRepository.swift */ = {isa = PBXFileReference; lastKnownFileType = sourcecode.swift; path = GenreRepository.swift; sourceTree = "<group>"; };
		A8F86A6FFFFFA25ACBD23B7E /* Pods-TMDbSwift-Tests-TMDbSwiftUITests.debug.xcconfig */ = {isa = PBXFileReference; includeInIndex = 1; lastKnownFileType = text.xcconfig; name = "Pods-TMDbSwift-Tests-TMDbSwiftUITests.debug.xcconfig"; path = "Target Support Files/Pods-TMDbSwift-Tests-TMDbSwiftUITests/Pods-TMDbSwift-Tests-TMDbSwiftUITests.debug.xcconfig"; sourceTree = "<group>"; };
		AFA65688FE3F6FBCA4214F49 /* Pods-TMDbSwift-Tests-TMDbSwiftTests.release.xcconfig */ = {isa = PBXFileReference; includeInIndex = 1; lastKnownFileType = text.xcconfig; name = "Pods-TMDbSwift-Tests-TMDbSwiftTests.release.xcconfig"; path = "Target Support Files/Pods-TMDbSwift-Tests-TMDbSwiftTests/Pods-TMDbSwift-Tests-TMDbSwiftTests.release.xcconfig"; sourceTree = "<group>"; };
		B6F14D258EDC5B521BDCBF77 /* Pods-TMDbSwiftUITests.release.xcconfig */ = {isa = PBXFileReference; includeInIndex = 1; lastKnownFileType = text.xcconfig; name = "Pods-TMDbSwiftUITests.release.xcconfig"; path = "Target Support Files/Pods-TMDbSwiftUITests/Pods-TMDbSwiftUITests.release.xcconfig"; sourceTree = "<group>"; };
		BFFC177B9048DEEBE5E34D45 /* Pods-TMDbSwift.release.xcconfig */ = {isa = PBXFileReference; includeInIndex = 1; lastKnownFileType = text.xcconfig; name = "Pods-TMDbSwift.release.xcconfig"; path = "Target Support Files/Pods-TMDbSwift/Pods-TMDbSwift.release.xcconfig"; sourceTree = "<group>"; };
		C87D566DACE7F90535D9F4AC /* Pods-TMDbSwiftUITests.debug.xcconfig */ = {isa = PBXFileReference; includeInIndex = 1; lastKnownFileType = text.xcconfig; name = "Pods-TMDbSwiftUITests.debug.xcconfig"; path = "Target Support Files/Pods-TMDbSwiftUITests/Pods-TMDbSwiftUITests.debug.xcconfig"; sourceTree = "<group>"; };
		E12B9509872126056DAFCA8C /* Pods-TMDbSwift-Tests-TMDbSwiftTests.debug.xcconfig */ = {isa = PBXFileReference; includeInIndex = 1; lastKnownFileType = text.xcconfig; name = "Pods-TMDbSwift-Tests-TMDbSwiftTests.debug.xcconfig"; path = "Target Support Files/Pods-TMDbSwift-Tests-TMDbSwiftTests/Pods-TMDbSwift-Tests-TMDbSwiftTests.debug.xcconfig"; sourceTree = "<group>"; };
		E32C2A68A20539E6E971537A /* Pods_TMDbSwift_Tests_TMDbSwiftUITests.framework */ = {isa = PBXFileReference; explicitFileType = wrapper.framework; includeInIndex = 0; path = Pods_TMDbSwift_Tests_TMDbSwiftUITests.framework; sourceTree = BUILT_PRODUCTS_DIR; };
		E50EA628F5066B2FC5471538 /* Pods-TMDbSwiftTests.debug.xcconfig */ = {isa = PBXFileReference; includeInIndex = 1; lastKnownFileType = text.xcconfig; name = "Pods-TMDbSwiftTests.debug.xcconfig"; path = "Target Support Files/Pods-TMDbSwiftTests/Pods-TMDbSwiftTests.debug.xcconfig"; sourceTree = "<group>"; };
/* End PBXFileReference section */

/* Begin PBXFrameworksBuildPhase section */
		799D190023034E080012C5BC /* Frameworks */ = {
			isa = PBXFrameworksBuildPhase;
			buildActionMask = 2147483647;
			files = (
				0BFD102C5ADD3A3B47643459 /* Pods_TMDbSwift.framework in Frameworks */,
			);
			runOnlyForDeploymentPostprocessing = 0;
		};
		799D191423034E0C0012C5BC /* Frameworks */ = {
			isa = PBXFrameworksBuildPhase;
			buildActionMask = 2147483647;
			files = (
				00D720E67CB594A8A72FB6C5 /* Pods_TMDbSwift_Tests_TMDbSwiftTests.framework in Frameworks */,
			);
			runOnlyForDeploymentPostprocessing = 0;
		};
		799D191F23034E0C0012C5BC /* Frameworks */ = {
			isa = PBXFrameworksBuildPhase;
			buildActionMask = 2147483647;
			files = (
				21F57C6FFD28C2E18A1E0937 /* Pods_TMDbSwift_Tests_TMDbSwiftUITests.framework in Frameworks */,
			);
			runOnlyForDeploymentPostprocessing = 0;
		};
/* End PBXFrameworksBuildPhase section */

/* Begin PBXGroup section */
		20874CE2D16C1DA0E4EC0120 /* Pods */ = {
			isa = PBXGroup;
			children = (
				072B80CCE9237FFAA76D10D7 /* Pods-TMDbSwift.debug.xcconfig */,
				BFFC177B9048DEEBE5E34D45 /* Pods-TMDbSwift.release.xcconfig */,
				E50EA628F5066B2FC5471538 /* Pods-TMDbSwiftTests.debug.xcconfig */,
				4910DE6AC541ED079510F503 /* Pods-TMDbSwiftTests.release.xcconfig */,
				C87D566DACE7F90535D9F4AC /* Pods-TMDbSwiftUITests.debug.xcconfig */,
				B6F14D258EDC5B521BDCBF77 /* Pods-TMDbSwiftUITests.release.xcconfig */,
				E12B9509872126056DAFCA8C /* Pods-TMDbSwift-Tests-TMDbSwiftTests.debug.xcconfig */,
				AFA65688FE3F6FBCA4214F49 /* Pods-TMDbSwift-Tests-TMDbSwiftTests.release.xcconfig */,
				A8F86A6FFFFFA25ACBD23B7E /* Pods-TMDbSwift-Tests-TMDbSwiftUITests.debug.xcconfig */,
				11A7993A17C6BA60CE8D4F99 /* Pods-TMDbSwift-Tests-TMDbSwiftUITests.release.xcconfig */,
			);
			path = Pods;
			sourceTree = "<group>";
		};
		799D18FA23034E080012C5BC = {
			isa = PBXGroup;
			children = (
				799D190523034E080012C5BC /* TMDbSwift */,
				799D191A23034E0C0012C5BC /* TMDbSwiftTests */,
				799D192523034E0C0012C5BC /* TMDbSwiftUITests */,
				799D190423034E080012C5BC /* Products */,
				20874CE2D16C1DA0E4EC0120 /* Pods */,
				A52051C5AB7CA940C6B2AA9E /* Frameworks */,
			);
			sourceTree = "<group>";
		};
		799D190423034E080012C5BC /* Products */ = {
			isa = PBXGroup;
			children = (
				799D190323034E080012C5BC /* TMDbSwift.app */,
				799D191723034E0C0012C5BC /* TMDbSwiftTests.xctest */,
				799D192223034E0C0012C5BC /* TMDbSwiftUITests.xctest */,
			);
			name = Products;
			sourceTree = "<group>";
		};
		799D190523034E080012C5BC /* TMDbSwift */ = {
			isa = PBXGroup;
			children = (
				79D1710C23035710001AEACD /* data */,
				79D1711B2303A765001AEACD /* MovieApi.swift */,
				79D17104230355E1001AEACD /* domain */,
				79D170F423034F74001AEACD /* presenter */,
				799D190623034E080012C5BC /* AppDelegate.swift */,
				799D190823034E080012C5BC /* ViewController.swift */,
				799D190D23034E0C0012C5BC /* Assets.xcassets */,
				799D190F23034E0C0012C5BC /* LaunchScreen.storyboard */,
				799D191223034E0C0012C5BC /* Info.plist */,
			);
			path = TMDbSwift;
			sourceTree = "<group>";
		};
		799D191A23034E0C0012C5BC /* TMDbSwiftTests */ = {
			isa = PBXGroup;
			children = (
				799D191B23034E0C0012C5BC /* TMDbSwiftTests.swift */,
				799D191D23034E0C0012C5BC /* Info.plist */,
			);
			path = TMDbSwiftTests;
			sourceTree = "<group>";
		};
		799D192523034E0C0012C5BC /* TMDbSwiftUITests */ = {
			isa = PBXGroup;
			children = (
				799D192623034E0C0012C5BC /* TMDbSwiftUITests.swift */,
				799D192823034E0C0012C5BC /* Info.plist */,
			);
			path = TMDbSwiftUITests;
			sourceTree = "<group>";
		};
		79D170F423034F74001AEACD /* presenter */ = {
			isa = PBXGroup;
			children = (
				79D1711823039DF8001AEACD /* extension */,
				79D170F523034F7A001AEACD /* coordinator */,
				79D170FE23035004001AEACD /* movie */,
			);
			path = presenter;
			sourceTree = "<group>";
		};
		79D170F523034F7A001AEACD /* coordinator */ = {
			isa = PBXGroup;
			children = (
				79D170F623034F87001AEACD /* AppCoordinator.swift */,
				79D170FA23034FA9001AEACD /* UpcomingMoviesCoordinator.swift */,
				79D170FC23034FDD001AEACD /* CoordinatorFactory.swift */,
				79D170F823034F96001AEACD /* Coordinator.swift */,
			);
			path = coordinator;
			sourceTree = "<group>";
		};
		79D170FE23035004001AEACD /* movie */ = {
			isa = PBXGroup;
			children = (
				79D1710123035063001AEACD /* UpcomingMoviesView.xib */,
				79D17116230364A3001AEACD /* UpcomingMovieCell.xib */,
				79D170FF2303502E001AEACD /* UpcomingMoviesViewController.swift */,
				79D1711223036062001AEACD /* UpcomingMoviesPresenter.swift */,
				79D1710723035632001AEACD /* MovieModel.swift */,
				79D171142303636A001AEACD /* UpcomingMovieCell.swift */,
			);
			path = movie;
			sourceTree = "<group>";
		};
		79D17104230355E1001AEACD /* domain */ = {
			isa = PBXGroup;
			children = (
				79D1712C2303BA29001AEACD /* genre */,
				79D17109230356E9001AEACD /* movie */,
			);
			path = domain;
			sourceTree = "<group>";
		};
		79D17109230356E9001AEACD /* movie */ = {
			isa = PBXGroup;
			children = (
				79D17105230355F0001AEACD /* MovieRepository.swift */,
				79D171222303AD2D001AEACD /* Movie.swift */,
				79D1710A230356FB001AEACD /* MoviesInteractor.swift */,
			);
			path = movie;
			sourceTree = "<group>";
		};
		79D1710C23035710001AEACD /* data */ = {
			isa = PBXGroup;
			children = (
				79D171282303B9AA001AEACD /* genre */,
				79D1710F23035748001AEACD /* movie */,
			);
			path = data;
			sourceTree = "<group>";
		};
		79D1710F23035748001AEACD /* movie */ = {
			isa = PBXGroup;
			children = (
				79D1711D2303AA03001AEACD /* model */,
				79D171102303574E001AEACD /* MovieMockService.swift */,
				79D1710D23035744001AEACD /* MovieService.swift */,
			);
			path = movie;
			sourceTree = "<group>";
		};
		79D1711823039DF8001AEACD /* extension */ = {
			isa = PBXGroup;
			children = (
				79D1711923039E0E001AEACD /* ImageViewExtensions.swift */,
			);
			path = extension;
			sourceTree = "<group>";
		};
		79D1711D2303AA03001AEACD /* model */ = {
			isa = PBXGroup;
			children = (
				79D1711E2303AA10001AEACD /* UpcomingMoviesResponse.swift */,
				79D171202303AA73001AEACD /* MovieResponse.swift */,
			);
			path = model;
			sourceTree = "<group>";
		};
		79D171282303B9AA001AEACD /* genre */ = {
			isa = PBXGroup;
			children = (
				79D171292303B9B5001AEACD /* model */,
				79D171262303B982001AEACD /* GenreService.swift */,
			);
			path = genre;
			sourceTree = "<group>";
		};
		79D171292303B9B5001AEACD /* model */ = {
			isa = PBXGroup;
			children = (
				79D1712A2303B9B8001AEACD /* GenresResponse.swift */,
				79D1712B2303B9B9001AEACD /* GenreResponse.swift */,
			);
			path = model;
			sourceTree = "<group>";
		};
		79D1712C2303BA29001AEACD /* genre */ = {
			isa = PBXGroup;
			children = (
				79D171242303AD5A001AEACD /* Genre.swift */,
				79D1712D2303BA38001AEACD /* GenreRepository.swift */,
				792BEAA723045056001C7B6B /* GenreInteractor.swift */,
			);
			path = genre;
			sourceTree = "<group>";
		};
		A52051C5AB7CA940C6B2AA9E /* Frameworks */ = {
			isa = PBXGroup;
			children = (
				5B820559BE3A14826AD6152F /* Pods_TMDbSwift.framework */,
				41D6D4D83E950A6E5C5C0DD6 /* Pods_TMDbSwift_Tests_TMDbSwiftTests.framework */,
				E32C2A68A20539E6E971537A /* Pods_TMDbSwift_Tests_TMDbSwiftUITests.framework */,
			);
			name = Frameworks;
			sourceTree = "<group>";
		};
/* End PBXGroup section */

/* Begin PBXNativeTarget section */
		799D190223034E080012C5BC /* TMDbSwift */ = {
			isa = PBXNativeTarget;
			buildConfigurationList = 799D192B23034E0C0012C5BC /* Build configuration list for PBXNativeTarget "TMDbSwift" */;
			buildPhases = (
				6C0EF7275B1961DDF4394C63 /* [CP] Check Pods Manifest.lock */,
				799D18FF23034E080012C5BC /* Sources */,
				799D190023034E080012C5BC /* Frameworks */,
				799D190123034E080012C5BC /* Resources */,
				ACA9D478070D9F6A1930FE5F /* [CP] Embed Pods Frameworks */,
			);
			buildRules = (
			);
			dependencies = (
			);
			name = TMDbSwift;
			productName = TMDbSwift;
			productReference = 799D190323034E080012C5BC /* TMDbSwift.app */;
			productType = "com.apple.product-type.application";
		};
		799D191623034E0C0012C5BC /* TMDbSwiftTests */ = {
			isa = PBXNativeTarget;
			buildConfigurationList = 799D192E23034E0C0012C5BC /* Build configuration list for PBXNativeTarget "TMDbSwiftTests" */;
			buildPhases = (
				BFA382D7B482DD6C1143A83D /* [CP] Check Pods Manifest.lock */,
				799D191323034E0C0012C5BC /* Sources */,
				799D191423034E0C0012C5BC /* Frameworks */,
				799D191523034E0C0012C5BC /* Resources */,
				1C85809C5C0173507BDE1572 /* [CP] Embed Pods Frameworks */,
			);
			buildRules = (
			);
			dependencies = (
				799D191923034E0C0012C5BC /* PBXTargetDependency */,
			);
			name = TMDbSwiftTests;
			productName = TMDbSwiftTests;
			productReference = 799D191723034E0C0012C5BC /* TMDbSwiftTests.xctest */;
			productType = "com.apple.product-type.bundle.unit-test";
		};
		799D192123034E0C0012C5BC /* TMDbSwiftUITests */ = {
			isa = PBXNativeTarget;
			buildConfigurationList = 799D193123034E0C0012C5BC /* Build configuration list for PBXNativeTarget "TMDbSwiftUITests" */;
			buildPhases = (
				3D068F625C3E022FAFEE4E4A /* [CP] Check Pods Manifest.lock */,
				799D191E23034E0C0012C5BC /* Sources */,
				799D191F23034E0C0012C5BC /* Frameworks */,
				799D192023034E0C0012C5BC /* Resources */,
				1EC46BEE7894E68DA19300CE /* [CP] Embed Pods Frameworks */,
			);
			buildRules = (
			);
			dependencies = (
				799D192423034E0C0012C5BC /* PBXTargetDependency */,
			);
			name = TMDbSwiftUITests;
			productName = TMDbSwiftUITests;
			productReference = 799D192223034E0C0012C5BC /* TMDbSwiftUITests.xctest */;
			productType = "com.apple.product-type.bundle.ui-testing";
		};
/* End PBXNativeTarget section */

/* Begin PBXProject section */
		799D18FB23034E080012C5BC /* Project object */ = {
			isa = PBXProject;
			attributes = {
				LastSwiftUpdateCheck = 1020;
				LastUpgradeCheck = 1020;
				ORGANIZATIONNAME = gcherubini;
				TargetAttributes = {
					799D190223034E080012C5BC = {
						CreatedOnToolsVersion = 10.2.1;
					};
					799D191623034E0C0012C5BC = {
						CreatedOnToolsVersion = 10.2.1;
						TestTargetID = 799D190223034E080012C5BC;
					};
					799D192123034E0C0012C5BC = {
						CreatedOnToolsVersion = 10.2.1;
						TestTargetID = 799D190223034E080012C5BC;
					};
				};
			};
			buildConfigurationList = 799D18FE23034E080012C5BC /* Build configuration list for PBXProject "TMDbSwift" */;
			compatibilityVersion = "Xcode 9.3";
			developmentRegion = en;
			hasScannedForEncodings = 0;
			knownRegions = (
				en,
				Base,
			);
			mainGroup = 799D18FA23034E080012C5BC;
			productRefGroup = 799D190423034E080012C5BC /* Products */;
			projectDirPath = "";
			projectRoot = "";
			targets = (
				799D190223034E080012C5BC /* TMDbSwift */,
				799D191623034E0C0012C5BC /* TMDbSwiftTests */,
				799D192123034E0C0012C5BC /* TMDbSwiftUITests */,
			);
		};
/* End PBXProject section */

/* Begin PBXResourcesBuildPhase section */
		799D190123034E080012C5BC /* Resources */ = {
			isa = PBXResourcesBuildPhase;
			buildActionMask = 2147483647;
			files = (
				79D17117230364A3001AEACD /* UpcomingMovieCell.xib in Resources */,
				79D1710223035063001AEACD /* UpcomingMoviesView.xib in Resources */,
				799D191123034E0C0012C5BC /* LaunchScreen.storyboard in Resources */,
				799D190E23034E0C0012C5BC /* Assets.xcassets in Resources */,
			);
			runOnlyForDeploymentPostprocessing = 0;
		};
		799D191523034E0C0012C5BC /* Resources */ = {
			isa = PBXResourcesBuildPhase;
			buildActionMask = 2147483647;
			files = (
			);
			runOnlyForDeploymentPostprocessing = 0;
		};
		799D192023034E0C0012C5BC /* Resources */ = {
			isa = PBXResourcesBuildPhase;
			buildActionMask = 2147483647;
			files = (
			);
			runOnlyForDeploymentPostprocessing = 0;
		};
/* End PBXResourcesBuildPhase section */

/* Begin PBXShellScriptBuildPhase section */
		1C85809C5C0173507BDE1572 /* [CP] Embed Pods Frameworks */ = {
			isa = PBXShellScriptBuildPhase;
			buildActionMask = 2147483647;
			files = (
			);
			inputFileListPaths = (
				"${PODS_ROOT}/Target Support Files/Pods-TMDbSwift-Tests-TMDbSwiftTests/Pods-TMDbSwift-Tests-TMDbSwiftTests-frameworks-${CONFIGURATION}-input-files.xcfilelist",
			);
			name = "[CP] Embed Pods Frameworks";
			outputFileListPaths = (
				"${PODS_ROOT}/Target Support Files/Pods-TMDbSwift-Tests-TMDbSwiftTests/Pods-TMDbSwift-Tests-TMDbSwiftTests-frameworks-${CONFIGURATION}-output-files.xcfilelist",
			);
			runOnlyForDeploymentPostprocessing = 0;
			shellPath = /bin/sh;
			shellScript = "\"${PODS_ROOT}/Target Support Files/Pods-TMDbSwift-Tests-TMDbSwiftTests/Pods-TMDbSwift-Tests-TMDbSwiftTests-frameworks.sh\"\n";
			showEnvVarsInLog = 0;
		};
		1EC46BEE7894E68DA19300CE /* [CP] Embed Pods Frameworks */ = {
			isa = PBXShellScriptBuildPhase;
			buildActionMask = 2147483647;
			files = (
			);
			inputFileListPaths = (
				"${PODS_ROOT}/Target Support Files/Pods-TMDbSwift-Tests-TMDbSwiftUITests/Pods-TMDbSwift-Tests-TMDbSwiftUITests-frameworks-${CONFIGURATION}-input-files.xcfilelist",
			);
			name = "[CP] Embed Pods Frameworks";
			outputFileListPaths = (
				"${PODS_ROOT}/Target Support Files/Pods-TMDbSwift-Tests-TMDbSwiftUITests/Pods-TMDbSwift-Tests-TMDbSwiftUITests-frameworks-${CONFIGURATION}-output-files.xcfilelist",
			);
			runOnlyForDeploymentPostprocessing = 0;
			shellPath = /bin/sh;
			shellScript = "\"${PODS_ROOT}/Target Support Files/Pods-TMDbSwift-Tests-TMDbSwiftUITests/Pods-TMDbSwift-Tests-TMDbSwiftUITests-frameworks.sh\"\n";
			showEnvVarsInLog = 0;
		};
		3D068F625C3E022FAFEE4E4A /* [CP] Check Pods Manifest.lock */ = {
			isa = PBXShellScriptBuildPhase;
			buildActionMask = 2147483647;
			files = (
			);
			inputFileListPaths = (
			);
			inputPaths = (
				"${PODS_PODFILE_DIR_PATH}/Podfile.lock",
				"${PODS_ROOT}/Manifest.lock",
			);
			name = "[CP] Check Pods Manifest.lock";
			outputFileListPaths = (
			);
			outputPaths = (
				"$(DERIVED_FILE_DIR)/Pods-TMDbSwift-Tests-TMDbSwiftUITests-checkManifestLockResult.txt",
			);
			runOnlyForDeploymentPostprocessing = 0;
			shellPath = /bin/sh;
			shellScript = "diff \"${PODS_PODFILE_DIR_PATH}/Podfile.lock\" \"${PODS_ROOT}/Manifest.lock\" > /dev/null\nif [ $? != 0 ] ; then\n    # print error to STDERR\n    echo \"error: The sandbox is not in sync with the Podfile.lock. Run 'pod install' or update your CocoaPods installation.\" >&2\n    exit 1\nfi\n# This output is used by Xcode 'outputs' to avoid re-running this script phase.\necho \"SUCCESS\" > \"${SCRIPT_OUTPUT_FILE_0}\"\n";
			showEnvVarsInLog = 0;
		};
		6C0EF7275B1961DDF4394C63 /* [CP] Check Pods Manifest.lock */ = {
			isa = PBXShellScriptBuildPhase;
			buildActionMask = 2147483647;
			files = (
			);
			inputFileListPaths = (
			);
			inputPaths = (
				"${PODS_PODFILE_DIR_PATH}/Podfile.lock",
				"${PODS_ROOT}/Manifest.lock",
			);
			name = "[CP] Check Pods Manifest.lock";
			outputFileListPaths = (
			);
			outputPaths = (
				"$(DERIVED_FILE_DIR)/Pods-TMDbSwift-checkManifestLockResult.txt",
			);
			runOnlyForDeploymentPostprocessing = 0;
			shellPath = /bin/sh;
			shellScript = "diff \"${PODS_PODFILE_DIR_PATH}/Podfile.lock\" \"${PODS_ROOT}/Manifest.lock\" > /dev/null\nif [ $? != 0 ] ; then\n    # print error to STDERR\n    echo \"error: The sandbox is not in sync with the Podfile.lock. Run 'pod install' or update your CocoaPods installation.\" >&2\n    exit 1\nfi\n# This output is used by Xcode 'outputs' to avoid re-running this script phase.\necho \"SUCCESS\" > \"${SCRIPT_OUTPUT_FILE_0}\"\n";
			showEnvVarsInLog = 0;
		};
		ACA9D478070D9F6A1930FE5F /* [CP] Embed Pods Frameworks */ = {
			isa = PBXShellScriptBuildPhase;
			buildActionMask = 2147483647;
			files = (
			);
			inputFileListPaths = (
				"${PODS_ROOT}/Target Support Files/Pods-TMDbSwift/Pods-TMDbSwift-frameworks-${CONFIGURATION}-input-files.xcfilelist",
			);
			name = "[CP] Embed Pods Frameworks";
			outputFileListPaths = (
				"${PODS_ROOT}/Target Support Files/Pods-TMDbSwift/Pods-TMDbSwift-frameworks-${CONFIGURATION}-output-files.xcfilelist",
			);
			runOnlyForDeploymentPostprocessing = 0;
			shellPath = /bin/sh;
			shellScript = "\"${PODS_ROOT}/Target Support Files/Pods-TMDbSwift/Pods-TMDbSwift-frameworks.sh\"\n";
			showEnvVarsInLog = 0;
		};
		BFA382D7B482DD6C1143A83D /* [CP] Check Pods Manifest.lock */ = {
			isa = PBXShellScriptBuildPhase;
			buildActionMask = 2147483647;
			files = (
			);
			inputFileListPaths = (
			);
			inputPaths = (
				"${PODS_PODFILE_DIR_PATH}/Podfile.lock",
				"${PODS_ROOT}/Manifest.lock",
			);
			name = "[CP] Check Pods Manifest.lock";
			outputFileListPaths = (
			);
			outputPaths = (
				"$(DERIVED_FILE_DIR)/Pods-TMDbSwift-Tests-TMDbSwiftTests-checkManifestLockResult.txt",
			);
			runOnlyForDeploymentPostprocessing = 0;
			shellPath = /bin/sh;
			shellScript = "diff \"${PODS_PODFILE_DIR_PATH}/Podfile.lock\" \"${PODS_ROOT}/Manifest.lock\" > /dev/null\nif [ $? != 0 ] ; then\n    # print error to STDERR\n    echo \"error: The sandbox is not in sync with the Podfile.lock. Run 'pod install' or update your CocoaPods installation.\" >&2\n    exit 1\nfi\n# This output is used by Xcode 'outputs' to avoid re-running this script phase.\necho \"SUCCESS\" > \"${SCRIPT_OUTPUT_FILE_0}\"\n";
			showEnvVarsInLog = 0;
		};
/* End PBXShellScriptBuildPhase section */

/* Begin PBXSourcesBuildPhase section */
		799D18FF23034E080012C5BC /* Sources */ = {
			isa = PBXSourcesBuildPhase;
			buildActionMask = 2147483647;
			files = (
				79D171272303B983001AEACD /* GenreService.swift in Sources */,
				79D171232303AD2D001AEACD /* Movie.swift in Sources */,
				79D171152303636A001AEACD /* UpcomingMovieCell.swift in Sources */,
				79D171252303AD5B001AEACD /* Genre.swift in Sources */,
				79D1710823035632001AEACD /* MovieModel.swift in Sources */,
				79D170F923034F96001AEACD /* Coordinator.swift in Sources */,
				79D1711C2303A765001AEACD /* MovieApi.swift in Sources */,
				79D1711323036062001AEACD /* UpcomingMoviesPresenter.swift in Sources */,
				79D170FB23034FA9001AEACD /* UpcomingMoviesCoordinator.swift in Sources */,
				79D1711A23039E0E001AEACD /* ImageViewExtensions.swift in Sources */,
				79D171002303502E001AEACD /* UpcomingMoviesViewController.swift in Sources */,
				792982A92303C12E00B10B4A /* GenresResponse.swift in Sources */,
				79D170F723034F87001AEACD /* AppCoordinator.swift in Sources */,
				79D1710B230356FB001AEACD /* MoviesInteractor.swift in Sources */,
				792982AA2303C13100B10B4A /* GenreResponse.swift in Sources */,
				79D171112303574E001AEACD /* MovieMockService.swift in Sources */,
				792BEAA823045056001C7B6B /* GenreInteractor.swift in Sources */,
				79D1712E2303BA38001AEACD /* GenreRepository.swift in Sources */,
				79D17106230355F0001AEACD /* MovieRepository.swift in Sources */,
				79D170FD23034FDD001AEACD /* CoordinatorFactory.swift in Sources */,
				79D1711F2303AA10001AEACD /* UpcomingMoviesResponse.swift in Sources */,
				799D190923034E080012C5BC /* ViewController.swift in Sources */,
				79D171212303AA73001AEACD /* MovieResponse.swift in Sources */,
				799D190723034E080012C5BC /* AppDelegate.swift in Sources */,
				79D1710E23035744001AEACD /* MovieService.swift in Sources */,
			);
			runOnlyForDeploymentPostprocessing = 0;
		};
		799D191323034E0C0012C5BC /* Sources */ = {
			isa = PBXSourcesBuildPhase;
			buildActionMask = 2147483647;
			files = (
				799D191C23034E0C0012C5BC /* TMDbSwiftTests.swift in Sources */,
			);
			runOnlyForDeploymentPostprocessing = 0;
		};
		799D191E23034E0C0012C5BC /* Sources */ = {
			isa = PBXSourcesBuildPhase;
			buildActionMask = 2147483647;
			files = (
				799D192723034E0C0012C5BC /* TMDbSwiftUITests.swift in Sources */,
			);
			runOnlyForDeploymentPostprocessing = 0;
		};
/* End PBXSourcesBuildPhase section */

/* Begin PBXTargetDependency section */
		799D191923034E0C0012C5BC /* PBXTargetDependency */ = {
			isa = PBXTargetDependency;
			target = 799D190223034E080012C5BC /* TMDbSwift */;
			targetProxy = 799D191823034E0C0012C5BC /* PBXContainerItemProxy */;
		};
		799D192423034E0C0012C5BC /* PBXTargetDependency */ = {
			isa = PBXTargetDependency;
			target = 799D190223034E080012C5BC /* TMDbSwift */;
			targetProxy = 799D192323034E0C0012C5BC /* PBXContainerItemProxy */;
		};
/* End PBXTargetDependency section */

/* Begin PBXVariantGroup section */
		799D190F23034E0C0012C5BC /* LaunchScreen.storyboard */ = {
			isa = PBXVariantGroup;
			children = (
				799D191023034E0C0012C5BC /* Base */,
			);
			name = LaunchScreen.storyboard;
			sourceTree = "<group>";
		};
/* End PBXVariantGroup section */

/* Begin XCBuildConfiguration section */
		799D192923034E0C0012C5BC /* Debug */ = {
			isa = XCBuildConfiguration;
			buildSettings = {
				ALWAYS_SEARCH_USER_PATHS = NO;
				CLANG_ANALYZER_NONNULL = YES;
				CLANG_ANALYZER_NUMBER_OBJECT_CONVERSION = YES_AGGRESSIVE;
				CLANG_CXX_LANGUAGE_STANDARD = "gnu++14";
				CLANG_CXX_LIBRARY = "libc++";
				CLANG_ENABLE_MODULES = YES;
				CLANG_ENABLE_OBJC_ARC = YES;
				CLANG_ENABLE_OBJC_WEAK = YES;
				CLANG_WARN_BLOCK_CAPTURE_AUTORELEASING = YES;
				CLANG_WARN_BOOL_CONVERSION = YES;
				CLANG_WARN_COMMA = YES;
				CLANG_WARN_CONSTANT_CONVERSION = YES;
				CLANG_WARN_DEPRECATED_OBJC_IMPLEMENTATIONS = YES;
				CLANG_WARN_DIRECT_OBJC_ISA_USAGE = YES_ERROR;
				CLANG_WARN_DOCUMENTATION_COMMENTS = YES;
				CLANG_WARN_EMPTY_BODY = YES;
				CLANG_WARN_ENUM_CONVERSION = YES;
				CLANG_WARN_INFINITE_RECURSION = YES;
				CLANG_WARN_INT_CONVERSION = YES;
				CLANG_WARN_NON_LITERAL_NULL_CONVERSION = YES;
				CLANG_WARN_OBJC_IMPLICIT_RETAIN_SELF = YES;
				CLANG_WARN_OBJC_LITERAL_CONVERSION = YES;
				CLANG_WARN_OBJC_ROOT_CLASS = YES_ERROR;
				CLANG_WARN_RANGE_LOOP_ANALYSIS = YES;
				CLANG_WARN_STRICT_PROTOTYPES = YES;
				CLANG_WARN_SUSPICIOUS_MOVE = YES;
				CLANG_WARN_UNGUARDED_AVAILABILITY = YES_AGGRESSIVE;
				CLANG_WARN_UNREACHABLE_CODE = YES;
				CLANG_WARN__DUPLICATE_METHOD_MATCH = YES;
				CODE_SIGN_IDENTITY = "iPhone Developer";
				COPY_PHASE_STRIP = NO;
				DEBUG_INFORMATION_FORMAT = dwarf;
				ENABLE_STRICT_OBJC_MSGSEND = YES;
				ENABLE_TESTABILITY = YES;
				GCC_C_LANGUAGE_STANDARD = gnu11;
				GCC_DYNAMIC_NO_PIC = NO;
				GCC_NO_COMMON_BLOCKS = YES;
				GCC_OPTIMIZATION_LEVEL = 0;
				GCC_PREPROCESSOR_DEFINITIONS = (
					"DEBUG=1",
					"$(inherited)",
				);
				GCC_WARN_64_TO_32_BIT_CONVERSION = YES;
				GCC_WARN_ABOUT_RETURN_TYPE = YES_ERROR;
				GCC_WARN_UNDECLARED_SELECTOR = YES;
				GCC_WARN_UNINITIALIZED_AUTOS = YES_AGGRESSIVE;
				GCC_WARN_UNUSED_FUNCTION = YES;
				GCC_WARN_UNUSED_VARIABLE = YES;
				IPHONEOS_DEPLOYMENT_TARGET = 12.2;
				MTL_ENABLE_DEBUG_INFO = INCLUDE_SOURCE;
				MTL_FAST_MATH = YES;
				ONLY_ACTIVE_ARCH = YES;
				SDKROOT = iphoneos;
				SWIFT_ACTIVE_COMPILATION_CONDITIONS = DEBUG;
				SWIFT_OPTIMIZATION_LEVEL = "-Onone";
			};
			name = Debug;
		};
		799D192A23034E0C0012C5BC /* Release */ = {
			isa = XCBuildConfiguration;
			buildSettings = {
				ALWAYS_SEARCH_USER_PATHS = NO;
				CLANG_ANALYZER_NONNULL = YES;
				CLANG_ANALYZER_NUMBER_OBJECT_CONVERSION = YES_AGGRESSIVE;
				CLANG_CXX_LANGUAGE_STANDARD = "gnu++14";
				CLANG_CXX_LIBRARY = "libc++";
				CLANG_ENABLE_MODULES = YES;
				CLANG_ENABLE_OBJC_ARC = YES;
				CLANG_ENABLE_OBJC_WEAK = YES;
				CLANG_WARN_BLOCK_CAPTURE_AUTORELEASING = YES;
				CLANG_WARN_BOOL_CONVERSION = YES;
				CLANG_WARN_COMMA = YES;
				CLANG_WARN_CONSTANT_CONVERSION = YES;
				CLANG_WARN_DEPRECATED_OBJC_IMPLEMENTATIONS = YES;
				CLANG_WARN_DIRECT_OBJC_ISA_USAGE = YES_ERROR;
				CLANG_WARN_DOCUMENTATION_COMMENTS = YES;
				CLANG_WARN_EMPTY_BODY = YES;
				CLANG_WARN_ENUM_CONVERSION = YES;
				CLANG_WARN_INFINITE_RECURSION = YES;
				CLANG_WARN_INT_CONVERSION = YES;
				CLANG_WARN_NON_LITERAL_NULL_CONVERSION = YES;
				CLANG_WARN_OBJC_IMPLICIT_RETAIN_SELF = YES;
				CLANG_WARN_OBJC_LITERAL_CONVERSION = YES;
				CLANG_WARN_OBJC_ROOT_CLASS = YES_ERROR;
				CLANG_WARN_RANGE_LOOP_ANALYSIS = YES;
				CLANG_WARN_STRICT_PROTOTYPES = YES;
				CLANG_WARN_SUSPICIOUS_MOVE = YES;
				CLANG_WARN_UNGUARDED_AVAILABILITY = YES_AGGRESSIVE;
				CLANG_WARN_UNREACHABLE_CODE = YES;
				CLANG_WARN__DUPLICATE_METHOD_MATCH = YES;
				CODE_SIGN_IDENTITY = "iPhone Developer";
				COPY_PHASE_STRIP = NO;
				DEBUG_INFORMATION_FORMAT = "dwarf-with-dsym";
				ENABLE_NS_ASSERTIONS = NO;
				ENABLE_STRICT_OBJC_MSGSEND = YES;
				GCC_C_LANGUAGE_STANDARD = gnu11;
				GCC_NO_COMMON_BLOCKS = YES;
				GCC_WARN_64_TO_32_BIT_CONVERSION = YES;
				GCC_WARN_ABOUT_RETURN_TYPE = YES_ERROR;
				GCC_WARN_UNDECLARED_SELECTOR = YES;
				GCC_WARN_UNINITIALIZED_AUTOS = YES_AGGRESSIVE;
				GCC_WARN_UNUSED_FUNCTION = YES;
				GCC_WARN_UNUSED_VARIABLE = YES;
				IPHONEOS_DEPLOYMENT_TARGET = 12.2;
				MTL_ENABLE_DEBUG_INFO = NO;
				MTL_FAST_MATH = YES;
				SDKROOT = iphoneos;
				SWIFT_COMPILATION_MODE = wholemodule;
				SWIFT_OPTIMIZATION_LEVEL = "-O";
				VALIDATE_PRODUCT = YES;
			};
			name = Release;
		};
		799D192C23034E0C0012C5BC /* Debug */ = {
			isa = XCBuildConfiguration;
			baseConfigurationReference = 072B80CCE9237FFAA76D10D7 /* Pods-TMDbSwift.debug.xcconfig */;
			buildSettings = {
				ASSETCATALOG_COMPILER_APPICON_NAME = AppIcon;
				CODE_SIGN_STYLE = Automatic;
				DEVELOPMENT_TEAM = B8YNC4MN9Y;
				INFOPLIST_FILE = TMDbSwift/Info.plist;
				LD_RUNPATH_SEARCH_PATHS = (
					"$(inherited)",
					"@executable_path/Frameworks",
				);
				PRODUCT_BUNDLE_IDENTIFIER = com.gcherubini.TMDbSwift;
				PRODUCT_NAME = "$(TARGET_NAME)";
				SWIFT_VERSION = 5.0;
				TARGETED_DEVICE_FAMILY = "1,2";
			};
			name = Debug;
		};
		799D192D23034E0C0012C5BC /* Release */ = {
			isa = XCBuildConfiguration;
			baseConfigurationReference = BFFC177B9048DEEBE5E34D45 /* Pods-TMDbSwift.release.xcconfig */;
			buildSettings = {
				ASSETCATALOG_COMPILER_APPICON_NAME = AppIcon;
				CODE_SIGN_STYLE = Automatic;
				DEVELOPMENT_TEAM = B8YNC4MN9Y;
				INFOPLIST_FILE = TMDbSwift/Info.plist;
				LD_RUNPATH_SEARCH_PATHS = (
					"$(inherited)",
					"@executable_path/Frameworks",
				);
				PRODUCT_BUNDLE_IDENTIFIER = com.gcherubini.TMDbSwift;
				PRODUCT_NAME = "$(TARGET_NAME)";
				SWIFT_VERSION = 5.0;
				TARGETED_DEVICE_FAMILY = "1,2";
			};
			name = Release;
		};
		799D192F23034E0C0012C5BC /* Debug */ = {
			isa = XCBuildConfiguration;
			baseConfigurationReference = E12B9509872126056DAFCA8C /* Pods-TMDbSwift-Tests-TMDbSwiftTests.debug.xcconfig */;
			buildSettings = {
				ALWAYS_EMBED_SWIFT_STANDARD_LIBRARIES = YES;
				BUNDLE_LOADER = "$(TEST_HOST)";
				CODE_SIGN_STYLE = Automatic;
				DEVELOPMENT_TEAM = B8YNC4MN9Y;
				INFOPLIST_FILE = TMDbSwiftTests/Info.plist;
				LD_RUNPATH_SEARCH_PATHS = (
					"$(inherited)",
					"@executable_path/Frameworks",
					"@loader_path/Frameworks",
				);
				PRODUCT_BUNDLE_IDENTIFIER = com.gcherubini.TMDbSwiftTests;
				PRODUCT_NAME = "$(TARGET_NAME)";
				SWIFT_VERSION = 5.0;
				TARGETED_DEVICE_FAMILY = "1,2";
				TEST_HOST = "$(BUILT_PRODUCTS_DIR)/TMDbSwift.app/TMDbSwift";
			};
			name = Debug;
		};
		799D193023034E0C0012C5BC /* Release */ = {
			isa = XCBuildConfiguration;
			baseConfigurationReference = AFA65688FE3F6FBCA4214F49 /* Pods-TMDbSwift-Tests-TMDbSwiftTests.release.xcconfig */;
			buildSettings = {
				ALWAYS_EMBED_SWIFT_STANDARD_LIBRARIES = YES;
				BUNDLE_LOADER = "$(TEST_HOST)";
				CODE_SIGN_STYLE = Automatic;
				DEVELOPMENT_TEAM = B8YNC4MN9Y;
				INFOPLIST_FILE = TMDbSwiftTests/Info.plist;
				LD_RUNPATH_SEARCH_PATHS = (
					"$(inherited)",
					"@executable_path/Frameworks",
					"@loader_path/Frameworks",
				);
				PRODUCT_BUNDLE_IDENTIFIER = com.gcherubini.TMDbSwiftTests;
				PRODUCT_NAME = "$(TARGET_NAME)";
				SWIFT_VERSION = 5.0;
				TARGETED_DEVICE_FAMILY = "1,2";
				TEST_HOST = "$(BUILT_PRODUCTS_DIR)/TMDbSwift.app/TMDbSwift";
			};
			name = Release;
		};
		799D193223034E0C0012C5BC /* Debug */ = {
			isa = XCBuildConfiguration;
			baseConfigurationReference = A8F86A6FFFFFA25ACBD23B7E /* Pods-TMDbSwift-Tests-TMDbSwiftUITests.debug.xcconfig */;
			buildSettings = {
				ALWAYS_EMBED_SWIFT_STANDARD_LIBRARIES = YES;
				CODE_SIGN_STYLE = Automatic;
				DEVELOPMENT_TEAM = B8YNC4MN9Y;
				INFOPLIST_FILE = TMDbSwiftUITests/Info.plist;
				LD_RUNPATH_SEARCH_PATHS = (
					"$(inherited)",
					"@executable_path/Frameworks",
					"@loader_path/Frameworks",
				);
				PRODUCT_BUNDLE_IDENTIFIER = com.gcherubini.TMDbSwiftUITests;
				PRODUCT_NAME = "$(TARGET_NAME)";
				SWIFT_VERSION = 5.0;
				TARGETED_DEVICE_FAMILY = "1,2";
				TEST_TARGET_NAME = TMDbSwift;
			};
			name = Debug;
		};
		799D193323034E0C0012C5BC /* Release */ = {
			isa = XCBuildConfiguration;
			baseConfigurationReference = 11A7993A17C6BA60CE8D4F99 /* Pods-TMDbSwift-Tests-TMDbSwiftUITests.release.xcconfig */;
			buildSettings = {
				ALWAYS_EMBED_SWIFT_STANDARD_LIBRARIES = YES;
				CODE_SIGN_STYLE = Automatic;
				DEVELOPMENT_TEAM = B8YNC4MN9Y;
				INFOPLIST_FILE = TMDbSwiftUITests/Info.plist;
				LD_RUNPATH_SEARCH_PATHS = (
					"$(inherited)",
					"@executable_path/Frameworks",
					"@loader_path/Frameworks",
				);
				PRODUCT_BUNDLE_IDENTIFIER = com.gcherubini.TMDbSwiftUITests;
				PRODUCT_NAME = "$(TARGET_NAME)";
				SWIFT_VERSION = 5.0;
				TARGETED_DEVICE_FAMILY = "1,2";
				TEST_TARGET_NAME = TMDbSwift;
			};
			name = Release;
		};
/* End XCBuildConfiguration section */

/* Begin XCConfigurationList section */
		799D18FE23034E080012C5BC /* Build configuration list for PBXProject "TMDbSwift" */ = {
			isa = XCConfigurationList;
			buildConfigurations = (
				799D192923034E0C0012C5BC /* Debug */,
				799D192A23034E0C0012C5BC /* Release */,
			);
			defaultConfigurationIsVisible = 0;
			defaultConfigurationName = Release;
		};
		799D192B23034E0C0012C5BC /* Build configuration list for PBXNativeTarget "TMDbSwift" */ = {
			isa = XCConfigurationList;
			buildConfigurations = (
				799D192C23034E0C0012C5BC /* Debug */,
				799D192D23034E0C0012C5BC /* Release */,
			);
			defaultConfigurationIsVisible = 0;
			defaultConfigurationName = Release;
		};
		799D192E23034E0C0012C5BC /* Build configuration list for PBXNativeTarget "TMDbSwiftTests" */ = {
			isa = XCConfigurationList;
			buildConfigurations = (
				799D192F23034E0C0012C5BC /* Debug */,
				799D193023034E0C0012C5BC /* Release */,
			);
			defaultConfigurationIsVisible = 0;
			defaultConfigurationName = Release;
		};
		799D193123034E0C0012C5BC /* Build configuration list for PBXNativeTarget "TMDbSwiftUITests" */ = {
			isa = XCConfigurationList;
			buildConfigurations = (
				799D193223034E0C0012C5BC /* Debug */,
				799D193323034E0C0012C5BC /* Release */,
			);
			defaultConfigurationIsVisible = 0;
			defaultConfigurationName = Release;
		};
/* End XCConfigurationList section */
	};
	rootObject = 799D18FB23034E080012C5BC /* Project object */;
}
